// !$*UTF8*$!
{
	archiveVersion = 1;
	classes = {
	};
	objectVersion = 46;
	objects = {

/* Begin PBXGroup section */
		697A77331A3D98FA009B5981 = {
			isa = PBXGroup;
			children = (
			);
			sourceTree = "<group>";
		};
/* End PBXGroup section */

/* Begin PBXProject section */
		697A77341A3D98FA009B5981 /* Project object */ = {
			isa = PBXProject;
			attributes = {
				LastUpgradeCheck = 0610;
			};
			buildConfigurationList = 697A77371A3D98FA009B5981 /* Build configuration list for PBXProject "test_projecd_broccoli" */;
			compatibilityVersion = "Xcode 3.2";
			developmentRegion = English;
			hasScannedForEncodings = 0;
			knownRegions = (
				en,
			);
			mainGroup = 697A77331A3D98FA009B5981;
			projectDirPath = "";
			projectRoot = "";
			targets = (
			);
		};
/* End PBXProject section */

/* Begin XCBuildConfiguration section */
		697A77381A3D98FA009B5981 /* Debug */ = {
			isa = XCBuildConfiguration;
			buildSettings = {
			};
			name = Debug;
		};
		697A77391A3D98FA009B5981 /* Release */ = {
			isa = XCBuildConfiguration;
			buildSettings = {
			};
			name = Release;
		};
/* End XCBuildConfiguration section */

/* Begin XCConfigurationList section */
		697A77371A3D98FA009B5981 /* Build configuration list for PBXProject "test_projecd_broccoli" */ = {
			isa = XCConfigurationList;
			buildConfigurations = (
				697A77381A3D98FA009B5981 /* Debug */,
				697A77391A3D98FA009B5981 /* Release */,
			);
			defaultConfigurationIsVisible = 0;
			defaultConfigurationName = Release;
		};
/* End XCConfigurationList section */
	};
	rootObject = 697A77341A3D98FA009B5981 /* Project object */;
}
